
Microsoft Visual Studio Solution File, Format Version 12.00
# Visual Studio Version 17
VisualStudioVersion = 17.8.34330.188
MinimumVisualStudioVersion = 10.0.40219.1
Project("{FAE04EC0-301F-11D3-BF4B-00C04F79EFBC}") = "BowlingHobby", "BowlingHobby\BowlingHobby.csproj", "{FF06D6AC-FB7B-4A39-A7F7-FCC1170B32AF}"
EndProject
Global
	GlobalSection(SolutionConfigurationPlatforms) = preSolution
		Debug|Any CPU = Debug|Any CPU
		Release|Any CPU = Release|Any CPU
	EndGlobalSection
	GlobalSection(ProjectConfigurationPlatforms) = postSolution
		{FF06D6AC-FB7B-4A39-A7F7-FCC1170B32AF}.Debug|Any CPU.ActiveCfg = Debug|Any CPU
		{FF06D6AC-FB7B-4A39-A7F7-FCC1170B32AF}.Debug|Any CPU.Build.0 = Debug|Any CPU
		{FF06D6AC-FB7B-4A39-A7F7-FCC1170B32AF}.Release|Any CPU.ActiveCfg = Release|Any CPU
		{FF06D6AC-FB7B-4A39-A7F7-FCC1170B32AF}.Release|Any CPU.Build.0 = Release|Any CPU
	EndGlobalSection
	GlobalSection(SolutionProperties) = preSolution
		HideSolutionNode = FALSE
	EndGlobalSection
	GlobalSection(ExtensibilityGlobals) = postSolution
		SolutionGuid = {CC93B481-3F84-4AE1-BECA-AC960110D549}
	EndGlobalSection
EndGlobal
